
Microsoft Visual Studio Solution File, Format Version 12.00
# Visual Studio Version 17
VisualStudioVersion = 17.2.32630.192
MinimumVisualStudioVersion = 10.0.40219.1
Project("{9A19103F-16F7-4668-BE54-9A1E7A4F7556}") = "DataSender", "DataSender\DataSender.csproj", "{255C2A11-4454-4D76-97E8-007EE2F8D370}"
EndProject
Project("{9A19103F-16F7-4668-BE54-9A1E7A4F7556}") = "DataManagement", "DataManagement\DataManagement.csproj", "{83FDD290-148A-45B5-BE77-460827A160C7}"
EndProject
Project("{9A19103F-16F7-4668-BE54-9A1E7A4F7556}") = "DataReceiver", "DataReceiver\DataReceiver.csproj", "{3CD22377-E431-4A39-87EC-27A2257CA84F}"
EndProject
Global
	GlobalSection(SolutionConfigurationPlatforms) = preSolution
		Debug|Any CPU = Debug|Any CPU
		Release|Any CPU = Release|Any CPU
	EndGlobalSection
	GlobalSection(ProjectConfigurationPlatforms) = postSolution
		{255C2A11-4454-4D76-97E8-007EE2F8D370}.Debug|Any CPU.ActiveCfg = Debug|Any CPU
		{255C2A11-4454-4D76-97E8-007EE2F8D370}.Debug|Any CPU.Build.0 = Debug|Any CPU
		{255C2A11-4454-4D76-97E8-007EE2F8D370}.Release|Any CPU.ActiveCfg = Release|Any CPU
		{255C2A11-4454-4D76-97E8-007EE2F8D370}.Release|Any CPU.Build.0 = Release|Any CPU
		{83FDD290-148A-45B5-BE77-460827A160C7}.Debug|Any CPU.ActiveCfg = Debug|Any CPU
		{83FDD290-148A-45B5-BE77-460827A160C7}.Debug|Any CPU.Build.0 = Debug|Any CPU
		{83FDD290-148A-45B5-BE77-460827A160C7}.Release|Any CPU.ActiveCfg = Release|Any CPU
		{83FDD290-148A-45B5-BE77-460827A160C7}.Release|Any CPU.Build.0 = Release|Any CPU
		{3CD22377-E431-4A39-87EC-27A2257CA84F}.Debug|Any CPU.ActiveCfg = Debug|Any CPU
		{3CD22377-E431-4A39-87EC-27A2257CA84F}.Debug|Any CPU.Build.0 = Debug|Any CPU
		{3CD22377-E431-4A39-87EC-27A2257CA84F}.Release|Any CPU.ActiveCfg = Release|Any CPU
		{3CD22377-E431-4A39-87EC-27A2257CA84F}.Release|Any CPU.Build.0 = Release|Any CPU
	EndGlobalSection
	GlobalSection(SolutionProperties) = preSolution
		HideSolutionNode = FALSE
	EndGlobalSection
	GlobalSection(ExtensibilityGlobals) = postSolution
		SolutionGuid = {95DB642A-F44A-492E-80EE-A3006D1C385C}
	EndGlobalSection
EndGlobal
